
Microsoft Visual Studio Solution File, Format Version 12.00
# Visual Studio Version 16
VisualStudioVersion = 16.0.29509.3
MinimumVisualStudioVersion = 10.0.40219.1
Project("{9A19103F-16F7-4668-BE54-9A1E7A4F7556}") = "BookingAPI", "BookingAPI.csproj", "{B219F7A4-A998-4388-AE2E-09A8E1FEBBE5}"
EndProject
Global
	GlobalSection(SolutionConfigurationPlatforms) = preSolution
		Debug|Any CPU = Debug|Any CPU
		Release|Any CPU = Release|Any CPU
	EndGlobalSection
	GlobalSection(ProjectConfigurationPlatforms) = postSolution
		{B219F7A4-A998-4388-AE2E-09A8E1FEBBE5}.Debug|Any CPU.ActiveCfg = Debug|Any CPU
		{B219F7A4-A998-4388-AE2E-09A8E1FEBBE5}.Debug|Any CPU.Build.0 = Debug|Any CPU
		{B219F7A4-A998-4388-AE2E-09A8E1FEBBE5}.Release|Any CPU.ActiveCfg = Release|Any CPU
		{B219F7A4-A998-4388-AE2E-09A8E1FEBBE5}.Release|Any CPU.Build.0 = Release|Any CPU
	EndGlobalSection
	GlobalSection(SolutionProperties) = preSolution
		HideSolutionNode = FALSE
	EndGlobalSection
	GlobalSection(ExtensibilityGlobals) = postSolution
		SolutionGuid = {157AA39F-882D-4891-A99B-A2161E9CAAA9}
	EndGlobalSection
EndGlobal
